// !$*UTF8*$!
{
	archiveVersion = 1;
	classes = {
	};
	objectVersion = 46;
	objects = {

/* Begin PBXBuildFile section */
		1802A28B1455AEC4001F58E1 /* Foundation.framework in Frameworks */ = {isa = PBXBuildFile; fileRef = 1802A28A1455AEC4001F58E1 /* Foundation.framework */; };
		1802A2A51455AEDA001F58E1 /* JSON.h in Headers */ = {isa = PBXBuildFile; fileRef = 1802A2971455AEDA001F58E1 /* JSON.h */; };
		1802A2A61455AEDA001F58E1 /* NSObject+SBJSON.h in Headers */ = {isa = PBXBuildFile; fileRef = 1802A2981455AEDA001F58E1 /* NSObject+SBJSON.h */; };
		1802A2A71455AEDA001F58E1 /* NSObject+SBJSON.m in Sources */ = {isa = PBXBuildFile; fileRef = 1802A2991455AEDA001F58E1 /* NSObject+SBJSON.m */; };
		1802A2A81455AEDA001F58E1 /* NSString+SBJSON.h in Headers */ = {isa = PBXBuildFile; fileRef = 1802A29A1455AEDA001F58E1 /* NSString+SBJSON.h */; };
		1802A2A91455AEDA001F58E1 /* NSString+SBJSON.m in Sources */ = {isa = PBXBuildFile; fileRef = 1802A29B1455AEDA001F58E1 /* NSString+SBJSON.m */; };
		1802A2AA1455AEDA001F58E1 /* SBJsonBase.h in Headers */ = {isa = PBXBuildFile; fileRef = 1802A29C1455AEDA001F58E1 /* SBJsonBase.h */; };
		1802A2AB1455AEDA001F58E1 /* SBJsonBase.m in Sources */ = {isa = PBXBuildFile; fileRef = 1802A29D1455AEDA001F58E1 /* SBJsonBase.m */; };
		1802A2AC1455AEDA001F58E1 /* SBJsonParser.h in Headers */ = {isa = PBXBuildFile; fileRef = 1802A29E1455AEDA001F58E1 /* SBJsonParser.h */; };
		1802A2AD1455AEDA001F58E1 /* SBJsonParser.m in Sources */ = {isa = PBXBuildFile; fileRef = 1802A29F1455AEDA001F58E1 /* SBJsonParser.m */; };
		1802A2AE1455AEDA001F58E1 /* SBJsonStreamWriter.h in Headers */ = {isa = PBXBuildFile; fileRef = 1802A2A01455AEDA001F58E1 /* SBJsonStreamWriter.h */; };
		1802A2AF1455AEDA001F58E1 /* SBJsonStreamWriter.m in Sources */ = {isa = PBXBuildFile; fileRef = 1802A2A11455AEDA001F58E1 /* SBJsonStreamWriter.m */; };
		1802A2B01455AEDA001F58E1 /* SBJsonWriter.h in Headers */ = {isa = PBXBuildFile; fileRef = 1802A2A21455AEDA001F58E1 /* SBJsonWriter.h */; };
		1802A2B11455AEDA001F58E1 /* SBJsonWriter.m in Sources */ = {isa = PBXBuildFile; fileRef = 1802A2A31455AEDA001F58E1 /* SBJsonWriter.m */; };
		1802A2B21455AEDA001F58E1 /* SBProxyForJson.h in Headers */ = {isa = PBXBuildFile; fileRef = 1802A2A41455AEDA001F58E1 /* SBProxyForJson.h */; };
/* End PBXBuildFile section */

/* Begin PBXFileReference section */
		1802A2871455AEC4001F58E1 /* libJSON.a */ = {isa = PBXFileReference; explicitFileType = archive.ar; includeInIndex = 0; path = libJSON.a; sourceTree = BUILT_PRODUCTS_DIR; };
		1802A28A1455AEC4001F58E1 /* Foundation.framework */ = {isa = PBXFileReference; lastKnownFileType = wrapper.framework; name = Foundation.framework; path = System/Library/Frameworks/Foundation.framework; sourceTree = SDKROOT; };
		1802A28E1455AEC4001F58E1 /* JSON-Prefix.pch */ = {isa = PBXFileReference; lastKnownFileType = sourcecode.c.h; path = "JSON-Prefix.pch"; sourceTree = "<group>"; };
		1802A2971455AEDA001F58E1 /* JSON.h */ = {isa = PBXFileReference; fileEncoding = 4; lastKnownFileType = sourcecode.c.h; path = JSON.h; sourceTree = "<group>"; };
		1802A2981455AEDA001F58E1 /* NSObject+SBJSON.h */ = {isa = PBXFileReference; fileEncoding = 4; lastKnownFileType = sourcecode.c.h; path = "NSObject+SBJSON.h"; sourceTree = "<group>"; };
		1802A2991455AEDA001F58E1 /* NSObject+SBJSON.m */ = {isa = PBXFileReference; fileEncoding = 4; lastKnownFileType = sourcecode.c.objc; path = "NSObject+SBJSON.m"; sourceTree = "<group>"; };
		1802A29A1455AEDA001F58E1 /* NSString+SBJSON.h */ = {isa = PBXFileReference; fileEncoding = 4; lastKnownFileType = sourcecode.c.h; path = "NSString+SBJSON.h"; sourceTree = "<group>"; };
		1802A29B1455AEDA001F58E1 /* NSString+SBJSON.m */ = {isa = PBXFileReference; fileEncoding = 4; lastKnownFileType = sourcecode.c.objc; path = "NSString+SBJSON.m"; sourceTree = "<group>"; };
		1802A29C1455AEDA001F58E1 /* SBJsonBase.h */ = {isa = PBXFileReference; fileEncoding = 4; lastKnownFileType = sourcecode.c.h; path = SBJsonBase.h; sourceTree = "<group>"; };
		1802A29D1455AEDA001F58E1 /* SBJsonBase.m */ = {isa = PBXFileReference; fileEncoding = 4; lastKnownFileType = sourcecode.c.objc; path = SBJsonBase.m; sourceTree = "<group>"; };
		1802A29E1455AEDA001F58E1 /* SBJsonParser.h */ = {isa = PBXFileReference; fileEncoding = 4; lastKnownFileType = sourcecode.c.h; path = SBJsonParser.h; sourceTree = "<group>"; };
		1802A29F1455AEDA001F58E1 /* SBJsonParser.m */ = {isa = PBXFileReference; fileEncoding = 4; lastKnownFileType = sourcecode.c.objc; path = SBJsonParser.m; sourceTree = "<group>"; };
		1802A2A01455AEDA001F58E1 /* SBJsonStreamWriter.h */ = {isa = PBXFileReference; fileEncoding = 4; lastKnownFileType = sourcecode.c.h; path = SBJsonStreamWriter.h; sourceTree = "<group>"; };
		1802A2A11455AEDA001F58E1 /* SBJsonStreamWriter.m */ = {isa = PBXFileReference; fileEncoding = 4; lastKnownFileType = sourcecode.c.objc; path = SBJsonStreamWriter.m; sourceTree = "<group>"; };
		1802A2A21455AEDA001F58E1 /* SBJsonWriter.h */ = {isa = PBXFileReference; fileEncoding = 4; lastKnownFileType = sourcecode.c.h; path = SBJsonWriter.h; sourceTree = "<group>"; };
		1802A2A31455AEDA001F58E1 /* SBJsonWriter.m */ = {isa = PBXFileReference; fileEncoding = 4; lastKnownFileType = sourcecode.c.objc; path = SBJsonWriter.m; sourceTree = "<group>"; };
		1802A2A41455AEDA001F58E1 /* SBProxyForJson.h */ = {isa = PBXFileReference; fileEncoding = 4; lastKnownFileType = sourcecode.c.h; path = SBProxyForJson.h; sourceTree = "<group>"; };
/* End PBXFileReference section */

/* Begin PBXFrameworksBuildPhase section */
		1802A2841455AEC4001F58E1 /* Frameworks */ = {
			isa = PBXFrameworksBuildPhase;
			buildActionMask = 2147483647;
			files = (
				1802A28B1455AEC4001F58E1 /* Foundation.framework in Frameworks */,
			);
			runOnlyForDeploymentPostprocessing = 0;
		};
/* End PBXFrameworksBuildPhase section */

/* Begin PBXGroup section */
		1802A27C1455AEC4001F58E1 = {
			isa = PBXGroup;
			children = (
				1802A28C1455AEC4001F58E1 /* JSON */,
				1802A2891455AEC4001F58E1 /* Frameworks */,
				1802A2881455AEC4001F58E1 /* Products */,
			);
			sourceTree = "<group>";
		};
		1802A2881455AEC4001F58E1 /* Products */ = {
			isa = PBXGroup;
			children = (
				1802A2871455AEC4001F58E1 /* libJSON.a */,
			);
			name = Products;
			sourceTree = "<group>";
		};
		1802A2891455AEC4001F58E1 /* Frameworks */ = {
			isa = PBXGroup;
			children = (
				1802A28A1455AEC4001F58E1 /* Foundation.framework */,
			);
			name = Frameworks;
			sourceTree = "<group>";
		};
		1802A28C1455AEC4001F58E1 /* JSON */ = {
			isa = PBXGroup;
			children = (
				1802A2971455AEDA001F58E1 /* JSON.h */,
				1802A2981455AEDA001F58E1 /* NSObject+SBJSON.h */,
				1802A2991455AEDA001F58E1 /* NSObject+SBJSON.m */,
				1802A29A1455AEDA001F58E1 /* NSString+SBJSON.h */,
				1802A29B1455AEDA001F58E1 /* NSString+SBJSON.m */,
				1802A29C1455AEDA001F58E1 /* SBJsonBase.h */,
				1802A29D1455AEDA001F58E1 /* SBJsonBase.m */,
				1802A29E1455AEDA001F58E1 /* SBJsonParser.h */,
				1802A29F1455AEDA001F58E1 /* SBJsonParser.m */,
				1802A2A01455AEDA001F58E1 /* SBJsonStreamWriter.h */,
				1802A2A11455AEDA001F58E1 /* SBJsonStreamWriter.m */,
				1802A2A21455AEDA001F58E1 /* SBJsonWriter.h */,
				1802A2A31455AEDA001F58E1 /* SBJsonWriter.m */,
				1802A2A41455AEDA001F58E1 /* SBProxyForJson.h */,
				1802A28D1455AEC4001F58E1 /* Supporting Files */,
			);
			path = JSON;
			sourceTree = "<group>";
		};
		1802A28D1455AEC4001F58E1 /* Supporting Files */ = {
			isa = PBXGroup;
			children = (
				1802A28E1455AEC4001F58E1 /* JSON-Prefix.pch */,
			);
			name = "Supporting Files";
			sourceTree = "<group>";
		};
/* End PBXGroup section */

/* Begin PBXHeadersBuildPhase section */
		1802A2851455AEC4001F58E1 /* Headers */ = {
			isa = PBXHeadersBuildPhase;
			buildActionMask = 2147483647;
			files = (
				1802A2A51455AEDA001F58E1 /* JSON.h in Headers */,
				1802A2A61455AEDA001F58E1 /* NSObject+SBJSON.h in Headers */,
				1802A2A81455AEDA001F58E1 /* NSString+SBJSON.h in Headers */,
				1802A2AA1455AEDA001F58E1 /* SBJsonBase.h in Headers */,
				1802A2AC1455AEDA001F58E1 /* SBJsonParser.h in Headers */,
				1802A2AE1455AEDA001F58E1 /* SBJsonStreamWriter.h in Headers */,
				1802A2B01455AEDA001F58E1 /* SBJsonWriter.h in Headers */,
				1802A2B21455AEDA001F58E1 /* SBProxyForJson.h in Headers */,
			);
			runOnlyForDeploymentPostprocessing = 0;
		};
/* End PBXHeadersBuildPhase section */

/* Begin PBXNativeTarget section */
		1802A2861455AEC4001F58E1 /* JSON */ = {
			isa = PBXNativeTarget;
			buildConfigurationList = 1802A2941455AEC4001F58E1 /* Build configuration list for PBXNativeTarget "JSON" */;
			buildPhases = (
				1802A2831455AEC4001F58E1 /* Sources */,
				1802A2841455AEC4001F58E1 /* Frameworks */,
				1802A2851455AEC4001F58E1 /* Headers */,
			);
			buildRules = (
			);
			dependencies = (
			);
			name = JSON;
			productName = JSON;
			productReference = 1802A2871455AEC4001F58E1 /* libJSON.a */;
			productType = "com.apple.product-type.library.static";
		};
/* End PBXNativeTarget section */

/* Begin PBXProject section */
		1802A27E1455AEC4001F58E1 /* Project object */ = {
			isa = PBXProject;
			attributes = {
				LastUpgradeCheck = 0420;
			};
			buildConfigurationList = 1802A2811455AEC4001F58E1 /* Build configuration list for PBXProject "JSON" */;
			compatibilityVersion = "Xcode 3.2";
			developmentRegion = English;
			hasScannedForEncodings = 0;
			knownRegions = (
				en,
			);
			mainGroup = 1802A27C1455AEC4001F58E1;
			productRefGroup = 1802A2881455AEC4001F58E1 /* Products */;
			projectDirPath = "";
			projectRoot = "";
			targets = (
				1802A2861455AEC4001F58E1 /* JSON */,
			);
		};
/* End PBXProject section */

/* Begin PBXSourcesBuildPhase section */
		1802A2831455AEC4001F58E1 /* Sources */ = {
			isa = PBXSourcesBuildPhase;
			buildActionMask = 2147483647;
			files = (
				1802A2A71455AEDA001F58E1 /* NSObject+SBJSON.m in Sources */,
				1802A2A91455AEDA001F58E1 /* NSString+SBJSON.m in Sources */,
				1802A2AB1455AEDA001F58E1 /* SBJsonBase.m in Sources */,
				1802A2AD1455AEDA001F58E1 /* SBJsonParser.m in Sources */,
				1802A2AF1455AEDA001F58E1 /* SBJsonStreamWriter.m in Sources */,
				1802A2B11455AEDA001F58E1 /* SBJsonWriter.m in Sources */,
			);
			runOnlyForDeploymentPostprocessing = 0;
		};
/* End PBXSourcesBuildPhase section */

/* Begin XCBuildConfiguration section */
		1802A2921455AEC4001F58E1 /* Debug */ = {
			isa = XCBuildConfiguration;
			buildSettings = {
				ALWAYS_SEARCH_USER_PATHS = NO;
				ARCHS = "$(ARCHS_STANDARD_32_BIT)";
				COPY_PHASE_STRIP = NO;
				GCC_C_LANGUAGE_STANDARD = gnu99;
				GCC_DYNAMIC_NO_PIC = NO;
				GCC_OPTIMIZATION_LEVEL = 0;
				GCC_PREPROCESSOR_DEFINITIONS = (
					"DEBUG=1",
					"$(inherited)",
				);
				GCC_SYMBOLS_PRIVATE_EXTERN = NO;
				GCC_VERSION = com.apple.compilers.llvm.clang.1_0;
				GCC_WARN_ABOUT_MISSING_PROTOTYPES = YES;
				GCC_WARN_ABOUT_RETURN_TYPE = YES;
				GCC_WARN_UNUSED_VARIABLE = YES;
				IPHONEOS_DEPLOYMENT_TARGET = 5.0;
				SDKROOT = iphoneos;
			};
			name = Debug;
		};
		1802A2931455AEC4001F58E1 /* Release */ = {
			isa = XCBuildConfiguration;
			buildSettings = {
				ALWAYS_SEARCH_USER_PATHS = NO;
				ARCHS = "$(ARCHS_STANDARD_32_BIT)";
				COPY_PHASE_STRIP = YES;
				GCC_C_LANGUAGE_STANDARD = gnu99;
				GCC_VERSION = com.apple.compilers.llvm.clang.1_0;
				GCC_WARN_ABOUT_MISSING_PROTOTYPES = YES;
				GCC_WARN_ABOUT_RETURN_TYPE = YES;
				GCC_WARN_UNUSED_VARIABLE = YES;
				IPHONEOS_DEPLOYMENT_TARGET = 5.0;
				SDKROOT = iphoneos;
				VALIDATE_PRODUCT = YES;
			};
			name = Release;
		};
		1802A2951455AEC4001F58E1 /* Debug */ = {
			isa = XCBuildConfiguration;
			buildSettings = {
				DSTROOT = /tmp/JSON.dst;
				GCC_PRECOMPILE_PREFIX_HEADER = YES;
				GCC_PREFIX_HEADER = "JSON/JSON-Prefix.pch";
				OTHER_LDFLAGS = "-ObjC";
				PRODUCT_NAME = "$(TARGET_NAME)";
				SKIP_INSTALL = YES;
			};
			name = Debug;
		};
		1802A2961455AEC4001F58E1 /* Release */ = {
			isa = XCBuildConfiguration;
			buildSettings = {
				DSTROOT = /tmp/JSON.dst;
				GCC_PRECOMPILE_PREFIX_HEADER = YES;
				GCC_PREFIX_HEADER = "JSON/JSON-Prefix.pch";
				OTHER_LDFLAGS = "-ObjC";
				PRODUCT_NAME = "$(TARGET_NAME)";
				SKIP_INSTALL = YES;
			};
			name = Release;
		};
/* End XCBuildConfiguration section */

/* Begin XCConfigurationList section */
		1802A2811455AEC4001F58E1 /* Build configuration list for PBXProject "JSON" */ = {
			isa = XCConfigurationList;
			buildConfigurations = (
				1802A2921455AEC4001F58E1 /* Debug */,
				1802A2931455AEC4001F58E1 /* Release */,
			);
			defaultConfigurationIsVisible = 0;
			defaultConfigurationName = Release;
		};
		1802A2941455AEC4001F58E1 /* Build configuration list for PBXNativeTarget "JSON" */ = {
			isa = XCConfigurationList;
			buildConfigurations = (
				1802A2951455AEC4001F58E1 /* Debug */,
				1802A2961455AEC4001F58E1 /* Release */,
			);
			defaultConfigurationIsVisible = 0;
		};
/* End XCConfigurationList section */
	};
	rootObject = 1802A27E1455AEC4001F58E1 /* Project object */;
}
