// !$*UTF8*$!
{
	archiveVersion = 1;
	classes = {
	};
	objectVersion = 46;
	objects = {

/* Begin PBXBuildFile section */
		180FC29F144BDFB400D8DFC7 /* Foundation.framework in Frameworks */ = {isa = PBXBuildFile; fileRef = 180FC29E144BDFB400D8DFC7 /* Foundation.framework */; };
		189433B2144C29B100D9A3B6 /* Reachability.h in Headers */ = {isa = PBXBuildFile; fileRef = 189433B0144C29B100D9A3B6 /* Reachability.h */; };
		189433B3144C29B100D9A3B6 /* Reachability.m in Sources */ = {isa = PBXBuildFile; fileRef = 189433B1144C29B100D9A3B6 /* Reachability.m */; };
		189433C8144C29C200D9A3B6 /* ASIHTTPRequestConfig.h in Headers */ = {isa = PBXBuildFile; fileRef = 189433B4144C29C200D9A3B6 /* ASIHTTPRequestConfig.h */; };
		189433C9144C29C200D9A3B6 /* ASICacheDelegate.h in Headers */ = {isa = PBXBuildFile; fileRef = 189433B5144C29C200D9A3B6 /* ASICacheDelegate.h */; };
		189433CA144C29C200D9A3B6 /* ASIHTTPRequestDelegate.h in Headers */ = {isa = PBXBuildFile; fileRef = 189433B6144C29C200D9A3B6 /* ASIHTTPRequestDelegate.h */; };
		189433CB144C29C200D9A3B6 /* ASIProgressDelegate.h in Headers */ = {isa = PBXBuildFile; fileRef = 189433B7144C29C200D9A3B6 /* ASIProgressDelegate.h */; };
		189433CC144C29C200D9A3B6 /* ASIAuthenticationDialog.h in Headers */ = {isa = PBXBuildFile; fileRef = 189433B8144C29C200D9A3B6 /* ASIAuthenticationDialog.h */; };
		189433CD144C29C200D9A3B6 /* ASIAuthenticationDialog.m in Sources */ = {isa = PBXBuildFile; fileRef = 189433B9144C29C200D9A3B6 /* ASIAuthenticationDialog.m */; };
		189433CE144C29C200D9A3B6 /* ASIInputStream.h in Headers */ = {isa = PBXBuildFile; fileRef = 189433BA144C29C200D9A3B6 /* ASIInputStream.h */; };
		189433CF144C29C200D9A3B6 /* ASIInputStream.m in Sources */ = {isa = PBXBuildFile; fileRef = 189433BB144C29C200D9A3B6 /* ASIInputStream.m */; };
		189433D0144C29C200D9A3B6 /* ASIFormDataRequest.h in Headers */ = {isa = PBXBuildFile; fileRef = 189433BC144C29C200D9A3B6 /* ASIFormDataRequest.h */; };
		189433D1144C29C200D9A3B6 /* ASIFormDataRequest.m in Sources */ = {isa = PBXBuildFile; fileRef = 189433BD144C29C200D9A3B6 /* ASIFormDataRequest.m */; };
		189433D2144C29C200D9A3B6 /* ASIHTTPRequest.h in Headers */ = {isa = PBXBuildFile; fileRef = 189433BE144C29C200D9A3B6 /* ASIHTTPRequest.h */; };
		189433D3144C29C200D9A3B6 /* ASIHTTPRequest.m in Sources */ = {isa = PBXBuildFile; fileRef = 189433BF144C29C200D9A3B6 /* ASIHTTPRequest.m */; };
		189433D4144C29C200D9A3B6 /* ASINetworkQueue.h in Headers */ = {isa = PBXBuildFile; fileRef = 189433C0144C29C200D9A3B6 /* ASINetworkQueue.h */; };
		189433D5144C29C200D9A3B6 /* ASINetworkQueue.m in Sources */ = {isa = PBXBuildFile; fileRef = 189433C1144C29C200D9A3B6 /* ASINetworkQueue.m */; };
		189433D6144C29C200D9A3B6 /* ASIDownloadCache.h in Headers */ = {isa = PBXBuildFile; fileRef = 189433C2144C29C200D9A3B6 /* ASIDownloadCache.h */; };
		189433D7144C29C200D9A3B6 /* ASIDownloadCache.m in Sources */ = {isa = PBXBuildFile; fileRef = 189433C3144C29C200D9A3B6 /* ASIDownloadCache.m */; };
		189433D8144C29C200D9A3B6 /* ASIDataDecompressor.h in Headers */ = {isa = PBXBuildFile; fileRef = 189433C4144C29C200D9A3B6 /* ASIDataDecompressor.h */; };
		189433D9144C29C200D9A3B6 /* ASIDataDecompressor.m in Sources */ = {isa = PBXBuildFile; fileRef = 189433C5144C29C200D9A3B6 /* ASIDataDecompressor.m */; };
		189433DA144C29C200D9A3B6 /* ASIDataCompressor.h in Headers */ = {isa = PBXBuildFile; fileRef = 189433C6144C29C200D9A3B6 /* ASIDataCompressor.h */; };
		189433DB144C29C200D9A3B6 /* ASIDataCompressor.m in Sources */ = {isa = PBXBuildFile; fileRef = 189433C7144C29C200D9A3B6 /* ASIDataCompressor.m */; };
		189433DE144C29CB00D9A3B6 /* ASIWebPageRequest.h in Headers */ = {isa = PBXBuildFile; fileRef = 189433DC144C29CB00D9A3B6 /* ASIWebPageRequest.h */; };
		189433DF144C29CB00D9A3B6 /* ASIWebPageRequest.m in Sources */ = {isa = PBXBuildFile; fileRef = 189433DD144C29CB00D9A3B6 /* ASIWebPageRequest.m */; };
		189433E4144C29EB00D9A3B6 /* CFNetwork.framework in Frameworks */ = {isa = PBXBuildFile; fileRef = 189433E0144C29EB00D9A3B6 /* CFNetwork.framework */; };
		189433E5144C29EB00D9A3B6 /* CoreGraphics.framework in Frameworks */ = {isa = PBXBuildFile; fileRef = 189433E1144C29EB00D9A3B6 /* CoreGraphics.framework */; };
		189433E6144C29EB00D9A3B6 /* MobileCoreServices.framework in Frameworks */ = {isa = PBXBuildFile; fileRef = 189433E2144C29EB00D9A3B6 /* MobileCoreServices.framework */; };
		189433E7144C29EB00D9A3B6 /* SystemConfiguration.framework in Frameworks */ = {isa = PBXBuildFile; fileRef = 189433E3144C29EB00D9A3B6 /* SystemConfiguration.framework */; };
		189433EC144C2D3300D9A3B6 /* ASIHTTPRequestHeader.h in Headers */ = {isa = PBXBuildFile; fileRef = 189433EB144C2D3300D9A3B6 /* ASIHTTPRequestHeader.h */; };
/* End PBXBuildFile section */

/* Begin PBXFileReference section */
		180FC29B144BDFB400D8DFC7 /* libASIHTTP.a */ = {isa = PBXFileReference; explicitFileType = archive.ar; includeInIndex = 0; path = libASIHTTP.a; sourceTree = BUILT_PRODUCTS_DIR; };
		180FC29E144BDFB400D8DFC7 /* Foundation.framework */ = {isa = PBXFileReference; lastKnownFileType = wrapper.framework; name = Foundation.framework; path = System/Library/Frameworks/Foundation.framework; sourceTree = SDKROOT; };
		180FC2A2144BDFB400D8DFC7 /* ASIHTTP-Prefix.pch */ = {isa = PBXFileReference; lastKnownFileType = sourcecode.c.h; path = "ASIHTTP-Prefix.pch"; sourceTree = "<group>"; };
		189433B0144C29B100D9A3B6 /* Reachability.h */ = {isa = PBXFileReference; fileEncoding = 4; lastKnownFileType = sourcecode.c.h; path = Reachability.h; sourceTree = "<group>"; };
		189433B1144C29B100D9A3B6 /* Reachability.m */ = {isa = PBXFileReference; fileEncoding = 4; lastKnownFileType = sourcecode.c.objc; path = Reachability.m; sourceTree = "<group>"; };
		189433B4144C29C200D9A3B6 /* ASIHTTPRequestConfig.h */ = {isa = PBXFileReference; fileEncoding = 4; lastKnownFileType = sourcecode.c.h; path = ASIHTTPRequestConfig.h; sourceTree = "<group>"; };
		189433B5144C29C200D9A3B6 /* ASICacheDelegate.h */ = {isa = PBXFileReference; fileEncoding = 4; lastKnownFileType = sourcecode.c.h; path = ASICacheDelegate.h; sourceTree = "<group>"; };
		189433B6144C29C200D9A3B6 /* ASIHTTPRequestDelegate.h */ = {isa = PBXFileReference; fileEncoding = 4; lastKnownFileType = sourcecode.c.h; path = ASIHTTPRequestDelegate.h; sourceTree = "<group>"; };
		189433B7144C29C200D9A3B6 /* ASIProgressDelegate.h */ = {isa = PBXFileReference; fileEncoding = 4; lastKnownFileType = sourcecode.c.h; path = ASIProgressDelegate.h; sourceTree = "<group>"; };
		189433B8144C29C200D9A3B6 /* ASIAuthenticationDialog.h */ = {isa = PBXFileReference; fileEncoding = 4; lastKnownFileType = sourcecode.c.h; path = ASIAuthenticationDialog.h; sourceTree = "<group>"; };
		189433B9144C29C200D9A3B6 /* ASIAuthenticationDialog.m */ = {isa = PBXFileReference; fileEncoding = 4; lastKnownFileType = sourcecode.c.objc; path = ASIAuthenticationDialog.m; sourceTree = "<group>"; };
		189433BA144C29C200D9A3B6 /* ASIInputStream.h */ = {isa = PBXFileReference; fileEncoding = 4; lastKnownFileType = sourcecode.c.h; path = ASIInputStream.h; sourceTree = "<group>"; };
		189433BB144C29C200D9A3B6 /* ASIInputStream.m */ = {isa = PBXFileReference; fileEncoding = 4; lastKnownFileType = sourcecode.c.objc; path = ASIInputStream.m; sourceTree = "<group>"; };
		189433BC144C29C200D9A3B6 /* ASIFormDataRequest.h */ = {isa = PBXFileReference; fileEncoding = 4; lastKnownFileType = sourcecode.c.h; path = ASIFormDataRequest.h; sourceTree = "<group>"; };
		189433BD144C29C200D9A3B6 /* ASIFormDataRequest.m */ = {isa = PBXFileReference; fileEncoding = 4; lastKnownFileType = sourcecode.c.objc; path = ASIFormDataRequest.m; sourceTree = "<group>"; };
		189433BE144C29C200D9A3B6 /* ASIHTTPRequest.h */ = {isa = PBXFileReference; fileEncoding = 4; lastKnownFileType = sourcecode.c.h; path = ASIHTTPRequest.h; sourceTree = "<group>"; };
		189433BF144C29C200D9A3B6 /* ASIHTTPRequest.m */ = {isa = PBXFileReference; fileEncoding = 4; lastKnownFileType = sourcecode.c.objc; path = ASIHTTPRequest.m; sourceTree = "<group>"; };
		189433C0144C29C200D9A3B6 /* ASINetworkQueue.h */ = {isa = PBXFileReference; fileEncoding = 4; lastKnownFileType = sourcecode.c.h; path = ASINetworkQueue.h; sourceTree = "<group>"; };
		189433C1144C29C200D9A3B6 /* ASINetworkQueue.m */ = {isa = PBXFileReference; fileEncoding = 4; lastKnownFileType = sourcecode.c.objc; path = ASINetworkQueue.m; sourceTree = "<group>"; };
		189433C2144C29C200D9A3B6 /* ASIDownloadCache.h */ = {isa = PBXFileReference; fileEncoding = 4; lastKnownFileType = sourcecode.c.h; path = ASIDownloadCache.h; sourceTree = "<group>"; };
		189433C3144C29C200D9A3B6 /* ASIDownloadCache.m */ = {isa = PBXFileReference; fileEncoding = 4; lastKnownFileType = sourcecode.c.objc; path = ASIDownloadCache.m; sourceTree = "<group>"; };
		189433C4144C29C200D9A3B6 /* ASIDataDecompressor.h */ = {isa = PBXFileReference; fileEncoding = 4; lastKnownFileType = sourcecode.c.h; path = ASIDataDecompressor.h; sourceTree = "<group>"; };
		189433C5144C29C200D9A3B6 /* ASIDataDecompressor.m */ = {isa = PBXFileReference; fileEncoding = 4; lastKnownFileType = sourcecode.c.objc; path = ASIDataDecompressor.m; sourceTree = "<group>"; };
		189433C6144C29C200D9A3B6 /* ASIDataCompressor.h */ = {isa = PBXFileReference; fileEncoding = 4; lastKnownFileType = sourcecode.c.h; path = ASIDataCompressor.h; sourceTree = "<group>"; };
		189433C7144C29C200D9A3B6 /* ASIDataCompressor.m */ = {isa = PBXFileReference; fileEncoding = 4; lastKnownFileType = sourcecode.c.objc; path = ASIDataCompressor.m; sourceTree = "<group>"; };
		189433DC144C29CB00D9A3B6 /* ASIWebPageRequest.h */ = {isa = PBXFileReference; fileEncoding = 4; lastKnownFileType = sourcecode.c.h; path = ASIWebPageRequest.h; sourceTree = "<group>"; };
		189433DD144C29CB00D9A3B6 /* ASIWebPageRequest.m */ = {isa = PBXFileReference; fileEncoding = 4; lastKnownFileType = sourcecode.c.objc; path = ASIWebPageRequest.m; sourceTree = "<group>"; };
		189433E0144C29EB00D9A3B6 /* CFNetwork.framework */ = {isa = PBXFileReference; lastKnownFileType = wrapper.framework; path = CFNetwork.framework; sourceTree = "<group>"; };
		189433E1144C29EB00D9A3B6 /* CoreGraphics.framework */ = {isa = PBXFileReference; lastKnownFileType = wrapper.framework; path = CoreGraphics.framework; sourceTree = "<group>"; };
		189433E2144C29EB00D9A3B6 /* MobileCoreServices.framework */ = {isa = PBXFileReference; lastKnownFileType = wrapper.framework; path = MobileCoreServices.framework; sourceTree = "<group>"; };
		189433E3144C29EB00D9A3B6 /* SystemConfiguration.framework */ = {isa = PBXFileReference; lastKnownFileType = wrapper.framework; path = SystemConfiguration.framework; sourceTree = "<group>"; };
		189433EB144C2D3300D9A3B6 /* ASIHTTPRequestHeader.h */ = {isa = PBXFileReference; fileEncoding = 4; lastKnownFileType = sourcecode.c.h; path = ASIHTTPRequestHeader.h; sourceTree = "<group>"; };
/* End PBXFileReference section */

/* Begin PBXFrameworksBuildPhase section */
		180FC298144BDFB400D8DFC7 /* Frameworks */ = {
			isa = PBXFrameworksBuildPhase;
			buildActionMask = 2147483647;
			files = (
				180FC29F144BDFB400D8DFC7 /* Foundation.framework in Frameworks */,
				189433E4144C29EB00D9A3B6 /* CFNetwork.framework in Frameworks */,
				189433E5144C29EB00D9A3B6 /* CoreGraphics.framework in Frameworks */,
				189433E6144C29EB00D9A3B6 /* MobileCoreServices.framework in Frameworks */,
				189433E7144C29EB00D9A3B6 /* SystemConfiguration.framework in Frameworks */,
			);
			runOnlyForDeploymentPostprocessing = 0;
		};
/* End PBXFrameworksBuildPhase section */

/* Begin PBXGroup section */
		180FC290144BDFB400D8DFC7 = {
			isa = PBXGroup;
			children = (
				180FC2A0144BDFB400D8DFC7 /* ASIHTTP */,
				180FC29D144BDFB400D8DFC7 /* Frameworks */,
				180FC29C144BDFB400D8DFC7 /* Products */,
			);
			sourceTree = "<group>";
		};
		180FC29C144BDFB400D8DFC7 /* Products */ = {
			isa = PBXGroup;
			children = (
				180FC29B144BDFB400D8DFC7 /* libASIHTTP.a */,
			);
			name = Products;
			sourceTree = "<group>";
		};
		180FC29D144BDFB400D8DFC7 /* Frameworks */ = {
			isa = PBXGroup;
			children = (
				189433E0144C29EB00D9A3B6 /* CFNetwork.framework */,
				189433E1144C29EB00D9A3B6 /* CoreGraphics.framework */,
				189433E2144C29EB00D9A3B6 /* MobileCoreServices.framework */,
				189433E3144C29EB00D9A3B6 /* SystemConfiguration.framework */,
				180FC29E144BDFB400D8DFC7 /* Foundation.framework */,
			);
			name = Frameworks;
			sourceTree = "<group>";
		};
		180FC2A0144BDFB400D8DFC7 /* ASIHTTP */ = {
			isa = PBXGroup;
			children = (
				189433EB144C2D3300D9A3B6 /* ASIHTTPRequestHeader.h */,
				189433B0144C29B100D9A3B6 /* Reachability.h */,
				189433B1144C29B100D9A3B6 /* Reachability.m */,
				189433B4144C29C200D9A3B6 /* ASIHTTPRequestConfig.h */,
				189433B5144C29C200D9A3B6 /* ASICacheDelegate.h */,
				189433B6144C29C200D9A3B6 /* ASIHTTPRequestDelegate.h */,
				189433B7144C29C200D9A3B6 /* ASIProgressDelegate.h */,
				189433B8144C29C200D9A3B6 /* ASIAuthenticationDialog.h */,
				189433B9144C29C200D9A3B6 /* ASIAuthenticationDialog.m */,
				189433BA144C29C200D9A3B6 /* ASIInputStream.h */,
				189433BB144C29C200D9A3B6 /* ASIInputStream.m */,
				189433BC144C29C200D9A3B6 /* ASIFormDataRequest.h */,
				189433BD144C29C200D9A3B6 /* ASIFormDataRequest.m */,
				189433BE144C29C200D9A3B6 /* ASIHTTPRequest.h */,
				189433BF144C29C200D9A3B6 /* ASIHTTPRequest.m */,
				189433C0144C29C200D9A3B6 /* ASINetworkQueue.h */,
				189433C1144C29C200D9A3B6 /* ASINetworkQueue.m */,
				189433C2144C29C200D9A3B6 /* ASIDownloadCache.h */,
				189433C3144C29C200D9A3B6 /* ASIDownloadCache.m */,
				189433C4144C29C200D9A3B6 /* ASIDataDecompressor.h */,
				189433C5144C29C200D9A3B6 /* ASIDataDecompressor.m */,
				189433C6144C29C200D9A3B6 /* ASIDataCompressor.h */,
				189433C7144C29C200D9A3B6 /* ASIDataCompressor.m */,
				189433DC144C29CB00D9A3B6 /* ASIWebPageRequest.h */,
				189433DD144C29CB00D9A3B6 /* ASIWebPageRequest.m */,
				180FC2A1144BDFB400D8DFC7 /* Supporting Files */,
			);
			path = ASIHTTP;
			sourceTree = "<group>";
		};
		180FC2A1144BDFB400D8DFC7 /* Supporting Files */ = {
			isa = PBXGroup;
			children = (
				180FC2A2144BDFB400D8DFC7 /* ASIHTTP-Prefix.pch */,
			);
			name = "Supporting Files";
			sourceTree = "<group>";
		};
/* End PBXGroup section */

/* Begin PBXHeadersBuildPhase section */
		180FC299144BDFB400D8DFC7 /* Headers */ = {
			isa = PBXHeadersBuildPhase;
			buildActionMask = 2147483647;
			files = (
				189433B2144C29B100D9A3B6 /* Reachability.h in Headers */,
				189433C8144C29C200D9A3B6 /* ASIHTTPRequestConfig.h in Headers */,
				189433C9144C29C200D9A3B6 /* ASICacheDelegate.h in Headers */,
				189433CA144C29C200D9A3B6 /* ASIHTTPRequestDelegate.h in Headers */,
				189433CB144C29C200D9A3B6 /* ASIProgressDelegate.h in Headers */,
				189433CC144C29C200D9A3B6 /* ASIAuthenticationDialog.h in Headers */,
				189433CE144C29C200D9A3B6 /* ASIInputStream.h in Headers */,
				189433D0144C29C200D9A3B6 /* ASIFormDataRequest.h in Headers */,
				189433D2144C29C200D9A3B6 /* ASIHTTPRequest.h in Headers */,
				189433D4144C29C200D9A3B6 /* ASINetworkQueue.h in Headers */,
				189433D6144C29C200D9A3B6 /* ASIDownloadCache.h in Headers */,
				189433D8144C29C200D9A3B6 /* ASIDataDecompressor.h in Headers */,
				189433DA144C29C200D9A3B6 /* ASIDataCompressor.h in Headers */,
				189433DE144C29CB00D9A3B6 /* ASIWebPageRequest.h in Headers */,
				189433EC144C2D3300D9A3B6 /* ASIHTTPRequestHeader.h in Headers */,
			);
			runOnlyForDeploymentPostprocessing = 0;
		};
/* End PBXHeadersBuildPhase section */

/* Begin PBXNativeTarget section */
		180FC29A144BDFB400D8DFC7 /* ASIHTTP */ = {
			isa = PBXNativeTarget;
			buildConfigurationList = 180FC2A8144BDFB400D8DFC7 /* Build configuration list for PBXNativeTarget "ASIHTTP" */;
			buildPhases = (
				180FC297144BDFB400D8DFC7 /* Sources */,
				180FC298144BDFB400D8DFC7 /* Frameworks */,
				180FC299144BDFB400D8DFC7 /* Headers */,
			);
			buildRules = (
			);
			dependencies = (
			);
			name = ASIHTTP;
			productName = ASIHTTP;
			productReference = 180FC29B144BDFB400D8DFC7 /* libASIHTTP.a */;
			productType = "com.apple.product-type.library.static";
		};
/* End PBXNativeTarget section */

/* Begin PBXProject section */
		180FC292144BDFB400D8DFC7 /* Project object */ = {
			isa = PBXProject;
			attributes = {
				LastUpgradeCheck = 0420;
			};
			buildConfigurationList = 180FC295144BDFB400D8DFC7 /* Build configuration list for PBXProject "ASIHTTP" */;
			compatibilityVersion = "Xcode 3.2";
			developmentRegion = English;
			hasScannedForEncodings = 0;
			knownRegions = (
				en,
			);
			mainGroup = 180FC290144BDFB400D8DFC7;
			productRefGroup = 180FC29C144BDFB400D8DFC7 /* Products */;
			projectDirPath = "";
			projectRoot = "";
			targets = (
				180FC29A144BDFB400D8DFC7 /* ASIHTTP */,
			);
		};
/* End PBXProject section */

/* Begin PBXSourcesBuildPhase section */
		180FC297144BDFB400D8DFC7 /* Sources */ = {
			isa = PBXSourcesBuildPhase;
			buildActionMask = 2147483647;
			files = (
				189433B3144C29B100D9A3B6 /* Reachability.m in Sources */,
				189433CD144C29C200D9A3B6 /* ASIAuthenticationDialog.m in Sources */,
				189433CF144C29C200D9A3B6 /* ASIInputStream.m in Sources */,
				189433D1144C29C200D9A3B6 /* ASIFormDataRequest.m in Sources */,
				189433D3144C29C200D9A3B6 /* ASIHTTPRequest.m in Sources */,
				189433D5144C29C200D9A3B6 /* ASINetworkQueue.m in Sources */,
				189433D7144C29C200D9A3B6 /* ASIDownloadCache.m in Sources */,
				189433D9144C29C200D9A3B6 /* ASIDataDecompressor.m in Sources */,
				189433DB144C29C200D9A3B6 /* ASIDataCompressor.m in Sources */,
				189433DF144C29CB00D9A3B6 /* ASIWebPageRequest.m in Sources */,
			);
			runOnlyForDeploymentPostprocessing = 0;
		};
/* End PBXSourcesBuildPhase section */

/* Begin XCBuildConfiguration section */
		180FC2A6144BDFB400D8DFC7 /* Debug */ = {
			isa = XCBuildConfiguration;
			buildSettings = {
				ALWAYS_SEARCH_USER_PATHS = NO;
				ARCHS = "$(ARCHS_STANDARD_32_BIT)";
				COPY_PHASE_STRIP = NO;
				GCC_C_LANGUAGE_STANDARD = gnu99;
				GCC_DYNAMIC_NO_PIC = NO;
				GCC_OPTIMIZATION_LEVEL = 0;
				GCC_PREPROCESSOR_DEFINITIONS = (
					"DEBUG=1",
					"$(inherited)",
				);
				GCC_SYMBOLS_PRIVATE_EXTERN = NO;
				GCC_VERSION = com.apple.compilers.llvm.clang.1_0;
				GCC_WARN_ABOUT_MISSING_PROTOTYPES = YES;
				GCC_WARN_ABOUT_RETURN_TYPE = YES;
				GCC_WARN_UNUSED_VARIABLE = YES;
				IPHONEOS_DEPLOYMENT_TARGET = 5.0;
				SDKROOT = iphoneos;
			};
			name = Debug;
		};
		180FC2A7144BDFB400D8DFC7 /* Release */ = {
			isa = XCBuildConfiguration;
			buildSettings = {
				ALWAYS_SEARCH_USER_PATHS = NO;
				ARCHS = "$(ARCHS_STANDARD_32_BIT)";
				COPY_PHASE_STRIP = YES;
				GCC_C_LANGUAGE_STANDARD = gnu99;
				GCC_VERSION = com.apple.compilers.llvm.clang.1_0;
				GCC_WARN_ABOUT_MISSING_PROTOTYPES = YES;
				GCC_WARN_ABOUT_RETURN_TYPE = YES;
				GCC_WARN_UNUSED_VARIABLE = YES;
				IPHONEOS_DEPLOYMENT_TARGET = 5.0;
				SDKROOT = iphoneos;
				VALIDATE_PRODUCT = YES;
			};
			name = Release;
		};
		180FC2A9144BDFB400D8DFC7 /* Debug */ = {
			isa = XCBuildConfiguration;
			buildSettings = {
				DSTROOT = /tmp/ASIHTTP.dst;
				FRAMEWORK_SEARCH_PATHS = (
					"$(inherited)",
					"\"$(SRCROOT)\"",
				);
				GCC_PRECOMPILE_PREFIX_HEADER = YES;
				GCC_PREFIX_HEADER = "ASIHTTP/ASIHTTP-Prefix.pch";
				HEADER_SEARCH_PATHS = /usr/include/libxml2;
				OTHER_LDFLAGS = "-ObjC";
				PRODUCT_NAME = "$(TARGET_NAME)";
				SKIP_INSTALL = YES;
			};
			name = Debug;
		};
		180FC2AA144BDFB400D8DFC7 /* Release */ = {
			isa = XCBuildConfiguration;
			buildSettings = {
				DSTROOT = /tmp/ASIHTTP.dst;
				FRAMEWORK_SEARCH_PATHS = (
					"$(inherited)",
					"\"$(SRCROOT)\"",
				);
				GCC_PRECOMPILE_PREFIX_HEADER = YES;
				GCC_PREFIX_HEADER = "ASIHTTP/ASIHTTP-Prefix.pch";
				HEADER_SEARCH_PATHS = /usr/include/libxml2;
				OTHER_LDFLAGS = "-ObjC";
				PRODUCT_NAME = "$(TARGET_NAME)";
				SKIP_INSTALL = YES;
			};
			name = Release;
		};
/* End XCBuildConfiguration section */

/* Begin XCConfigurationList section */
		180FC295144BDFB400D8DFC7 /* Build configuration list for PBXProject "ASIHTTP" */ = {
			isa = XCConfigurationList;
			buildConfigurations = (
				180FC2A6144BDFB400D8DFC7 /* Debug */,
				180FC2A7144BDFB400D8DFC7 /* Release */,
			);
			defaultConfigurationIsVisible = 0;
			defaultConfigurationName = Release;
		};
		180FC2A8144BDFB400D8DFC7 /* Build configuration list for PBXNativeTarget "ASIHTTP" */ = {
			isa = XCConfigurationList;
			buildConfigurations = (
				180FC2A9144BDFB400D8DFC7 /* Debug */,
				180FC2AA144BDFB400D8DFC7 /* Release */,
			);
			defaultConfigurationIsVisible = 0;
			defaultConfigurationName = Release;
		};
/* End XCConfigurationList section */
	};
	rootObject = 180FC292144BDFB400D8DFC7 /* Project object */;
}
